{
  "nodes": {
    "flake-compat": {
      "flake": false,
      "locked": {
        "lastModified": 1650374568,
        "narHash": "sha256-Z+s0J8/r907g149rllvwhb4pKi8Wam5ij0st8PwAh+E=",
        "owner": "edolstra",
        "repo": "flake-compat",
        "rev": "b4a34015c698c7793d592d66adbab377907a2be8",
        "type": "github"
      },
      "original": {
        "owner": "edolstra",
        "repo": "flake-compat",
        "type": "github"
      }
    },
    "flake-utils": {
      "locked": {
        "lastModified": 1659877975,
        "narHash": "sha256-zllb8aq3YO3h8B/U0/J1WBgAL8EX5yWf5pMj3G0NAmc=",
        "owner": "numtide",
        "repo": "flake-utils",
        "rev": "c0e246b9b83f637f4681389ecabcb2681b4f3af0",
        "type": "github"
      },
      "original": {
        "owner": "numtide",
        "repo": "flake-utils",
        "type": "github"
      }
    },
    "home-manager": {
      "inputs": {
        "nixpkgs": [
          "nixpkgs"
        ],
        "utils": "utils"
      },
      "locked": {
        "lastModified": 1669071065,
        "narHash": "sha256-KBpgj3JkvlPsJ3duOZqFJe6tgr+wc75t8sFmgRbBSbw=",
        "owner": "nix-community",
        "repo": "home-manager",
        "rev": "f7641a3ff398ccce952e19a199d775934e518c1d",
        "type": "github"
      },
      "original": {
        "owner": "nix-community",
        "repo": "home-manager",
        "type": "github"
      }
    },
    "nixos-hardware": {
      "locked": {
        "lastModified": 1666873549,
        "narHash": "sha256-a6Eu1Qv/EndjepSMja5SvcG+4vM5Rl2gzJD7xscRHss=",
        "owner": "NixOS",
        "repo": "nixos-hardware",
        "rev": "419dcc0ec767803182ed01a326f134230578bf60",
        "type": "github"
      },
      "original": {
        "owner": "NixOS",
        "repo": "nixos-hardware",
        "type": "github"
      }
    },
    "nixos-wsl": {
      "inputs": {
        "flake-compat": "flake-compat",
        "flake-utils": "flake-utils",
        "nixpkgs": "nixpkgs"
      },
      "locked": {
        "lastModified": 1667148117,
        "narHash": "sha256-oKgBvHH/vOnzeaitxGmAizxjBzue7gE1G1siKED9teQ=",
        "owner": "nix-community",
        "repo": "NixOS-WSL",
        "rev": "27679db0469bc51ce4d0b334c74c4b0642d62009",
        "type": "github"
      },
      "original": {
        "owner": "nix-community",
        "repo": "NixOS-WSL",
        "type": "github"
      }
    },
    "nixpkgs": {
      "locked": {
        "lastModified": 1660318005,
        "narHash": "sha256-g9WCa9lVUmOV6dYRbEPjv/TLOR5hamjeCcKExVGS3OQ=",
        "owner": "NixOS",
        "repo": "nixpkgs",
        "rev": "5c211b47aeadcc178c5320afd4e74c7eed5c389f",
        "type": "github"
      },
      "original": {
        "id": "nixpkgs",
        "ref": "nixos-22.05",
        "type": "indirect"
      }
    },
    "nixpkgs_2": {
      "locked": {
        "lastModified": 1667153804,
        "narHash": "sha256-2/zsVUVQ3rKvLhJEXikkF/UXr7+Ezlxah7igAm08cwE=",
        "owner": "NixOS",
        "repo": "nixpkgs",
        "rev": "43305c68b3395e3414d4c3b59e75170ee67e48fe",
        "type": "github"
      },
      "original": {
        "owner": "NixOS",
        "repo": "nixpkgs",
        "type": "github"
      }
    },
    "root": {
      "inputs": {
        "home-manager": "home-manager",
        "nixos-hardware": "nixos-hardware",
        "nixos-wsl": "nixos-wsl",
        "nixpkgs": "nixpkgs_2"
      }
    },
    "utils": {
      "locked": {
        "lastModified": 1667395993,
        "narHash": "sha256-nuEHfE/LcWyuSWnS8t12N1wc105Qtau+/OdUAjtQ0rA=",
        "owner": "numtide",
        "repo": "flake-utils",
        "rev": "5aed5285a952e0b949eb3ba02c12fa4fcfef535f",
        "type": "github"
      },
      "original": {
        "owner": "numtide",
        "repo": "flake-utils",
        "type": "github"
      }
    }
  },
  "root": "root",
  "version": 7
}
